PODS:
  - Kingfisher (5.14.0):
    - Kingfisher/Core (= 5.14.0)
  - Kingfisher/Core (5.14.0)

DEPENDENCIES:
  - Kingfisher (~> 5.0)

SPEC REPOS:
  trunk:
    - Kingfisher

SPEC CHECKSUMS:
  Kingfisher: 7b64389a43139c903ec434788344c288217c792d

PODFILE CHECKSUM: 3fb7ce9a6e1943641e5e2f8281464a1138f3fed3

COCOAPODS: 1.9.0
